// !$*UTF8*$!
{
	archiveVersion = 1;
	classes = {
	};
	objectVersion = 46;
	objects = {

/* Begin PBXBuildFile section */
		0D9C61FB1998AD29006FC885 /* Foundation.framework in Frameworks */ = {isa = PBXBuildFile; fileRef = 0D9C61FA1998AD29006FC885 /* Foundation.framework */; };
		0D9C61FD1998AD29006FC885 /* CoreGraphics.framework in Frameworks */ = {isa = PBXBuildFile; fileRef = 0D9C61FC1998AD29006FC885 /* CoreGraphics.framework */; };
		0D9C61FF1998AD29006FC885 /* UIKit.framework in Frameworks */ = {isa = PBXBuildFile; fileRef = 0D9C61FE1998AD29006FC885 /* UIKit.framework */; };
		0D9C62051998AD29006FC885 /* InfoPlist.strings in Resources */ = {isa = PBXBuildFile; fileRef = 0D9C62031998AD29006FC885 /* InfoPlist.strings */; };
		0D9C62071998AD29006FC885 /* main.m in Sources */ = {isa = PBXBuildFile; fileRef = 0D9C62061998AD29006FC885 /* main.m */; };
		0D9C620B1998AD29006FC885 /* AppDelegate.m in Sources */ = {isa = PBXBuildFile; fileRef = 0D9C620A1998AD29006FC885 /* AppDelegate.m */; };
		0D9C620E1998AD2A006FC885 /* Main_iPhone.storyboard in Resources */ = {isa = PBXBuildFile; fileRef = 0D9C620C1998AD2A006FC885 /* Main_iPhone.storyboard */; };
		0D9C62111998AD2A006FC885 /* Main_iPad.storyboard in Resources */ = {isa = PBXBuildFile; fileRef = 0D9C620F1998AD2A006FC885 /* Main_iPad.storyboard */; };
		0D9C62141998AD2A006FC885 /* MasterViewController.m in Sources */ = {isa = PBXBuildFile; fileRef = 0D9C62131998AD2A006FC885 /* MasterViewController.m */; };
		0D9C62171998AD2A006FC885 /* DetailViewController.m in Sources */ = {isa = PBXBuildFile; fileRef = 0D9C62161998AD2A006FC885 /* DetailViewController.m */; };
		0D9C62191998AD2A006FC885 /* Images.xcassets in Resources */ = {isa = PBXBuildFile; fileRef = 0D9C62181998AD2A006FC885 /* Images.xcassets */; };
		0D9C62201998AD2A006FC885 /* XCTest.framework in Frameworks */ = {isa = PBXBuildFile; fileRef = 0D9C621F1998AD2A006FC885 /* XCTest.framework */; };
		0D9C62211998AD2A006FC885 /* Foundation.framework in Frameworks */ = {isa = PBXBuildFile; fileRef = 0D9C61FA1998AD29006FC885 /* Foundation.framework */; };
		0D9C62221998AD2A006FC885 /* UIKit.framework in Frameworks */ = {isa = PBXBuildFile; fileRef = 0D9C61FE1998AD29006FC885 /* UIKit.framework */; };
		0D9C622A1998AD2A006FC885 /* InfoPlist.strings in Resources */ = {isa = PBXBuildFile; fileRef = 0D9C62281998AD2A006FC885 /* InfoPlist.strings */; };
		0D9C622C1998AD2A006FC885 /* BLEScannerTests.m in Sources */ = {isa = PBXBuildFile; fileRef = 0D9C622B1998AD2A006FC885 /* BLEScannerTests.m */; };
/* End PBXBuildFile section */

/* Begin PBXContainerItemProxy section */
		0D9C62231998AD2A006FC885 /* PBXContainerItemProxy */ = {
			isa = PBXContainerItemProxy;
			containerPortal = 0D9C61EF1998AD29006FC885 /* Project object */;
			proxyType = 1;
			remoteGlobalIDString = 0D9C61F61998AD29006FC885;
			remoteInfo = BLEScanner;
		};
/* End PBXContainerItemProxy section */

/* Begin PBXFileReference section */
		0D9C61F71998AD29006FC885 /* BLEScanner.app */ = {isa = PBXFileReference; explicitFileType = wrapper.application; includeInIndex = 0; path = BLEScanner.app; sourceTree = BUILT_PRODUCTS_DIR; };
		0D9C61FA1998AD29006FC885 /* Foundation.framework */ = {isa = PBXFileReference; lastKnownFileType = wrapper.framework; name = Foundation.framework; path = System/Library/Frameworks/Foundation.framework; sourceTree = SDKROOT; };
		0D9C61FC1998AD29006FC885 /* CoreGraphics.framework */ = {isa = PBXFileReference; lastKnownFileType = wrapper.framework; name = CoreGraphics.framework; path = System/Library/Frameworks/CoreGraphics.framework; sourceTree = SDKROOT; };
		0D9C61FE1998AD29006FC885 /* UIKit.framework */ = {isa = PBXFileReference; lastKnownFileType = wrapper.framework; name = UIKit.framework; path = System/Library/Frameworks/UIKit.framework; sourceTree = SDKROOT; };
		0D9C62021998AD29006FC885 /* BLEScanner-Info.plist */ = {isa = PBXFileReference; lastKnownFileType = text.plist.xml; path = "BLEScanner-Info.plist"; sourceTree = "<group>"; };
		0D9C62041998AD29006FC885 /* en */ = {isa = PBXFileReference; lastKnownFileType = text.plist.strings; name = en; path = en.lproj/InfoPlist.strings; sourceTree = "<group>"; };
		0D9C62061998AD29006FC885 /* main.m */ = {isa = PBXFileReference; lastKnownFileType = sourcecode.c.objc; path = main.m; sourceTree = "<group>"; };
		0D9C62081998AD29006FC885 /* BLEScanner-Prefix.pch */ = {isa = PBXFileReference; lastKnownFileType = sourcecode.c.h; path = "BLEScanner-Prefix.pch"; sourceTree = "<group>"; };
		0D9C62091998AD29006FC885 /* AppDelegate.h */ = {isa = PBXFileReference; lastKnownFileType = sourcecode.c.h; path = AppDelegate.h; sourceTree = "<group>"; };
		0D9C620A1998AD29006FC885 /* AppDelegate.m */ = {isa = PBXFileReference; lastKnownFileType = sourcecode.c.objc; path = AppDelegate.m; sourceTree = "<group>"; };
		0D9C620D1998AD2A006FC885 /* Base */ = {isa = PBXFileReference; lastKnownFileType = file.storyboard; name = Base; path = Base.lproj/Main_iPhone.storyboard; sourceTree = "<group>"; };
		0D9C62101998AD2A006FC885 /* Base */ = {isa = PBXFileReference; lastKnownFileType = file.storyboard; name = Base; path = Base.lproj/Main_iPad.storyboard; sourceTree = "<group>"; };
		0D9C62121998AD2A006FC885 /* MasterViewController.h */ = {isa = PBXFileReference; lastKnownFileType = sourcecode.c.h; path = MasterViewController.h; sourceTree = "<group>"; };
		0D9C62131998AD2A006FC885 /* MasterViewController.m */ = {isa = PBXFileReference; lastKnownFileType = sourcecode.c.objc; path = MasterViewController.m; sourceTree = "<group>"; };
		0D9C62151998AD2A006FC885 /* DetailViewController.h */ = {isa = PBXFileReference; lastKnownFileType = sourcecode.c.h; path = DetailViewController.h; sourceTree = "<group>"; };
		0D9C62161998AD2A006FC885 /* DetailViewController.m */ = {isa = PBXFileReference; lastKnownFileType = sourcecode.c.objc; path = DetailViewController.m; sourceTree = "<group>"; };
		0D9C62181998AD2A006FC885 /* Images.xcassets */ = {isa = PBXFileReference; lastKnownFileType = folder.assetcatalog; path = Images.xcassets; sourceTree = "<group>"; };
		0D9C621E1998AD2A006FC885 /* BLEScannerTests.xctest */ = {isa = PBXFileReference; explicitFileType = wrapper.cfbundle; includeInIndex = 0; path = BLEScannerTests.xctest; sourceTree = BUILT_PRODUCTS_DIR; };
		0D9C621F1998AD2A006FC885 /* XCTest.framework */ = {isa = PBXFileReference; lastKnownFileType = wrapper.framework; name = XCTest.framework; path = Library/Frameworks/XCTest.framework; sourceTree = DEVELOPER_DIR; };
		0D9C62271998AD2A006FC885 /* BLEScannerTests-Info.plist */ = {isa = PBXFileReference; lastKnownFileType = text.plist.xml; path = "BLEScannerTests-Info.plist"; sourceTree = "<group>"; };
		0D9C62291998AD2A006FC885 /* en */ = {isa = PBXFileReference; lastKnownFileType = text.plist.strings; name = en; path = en.lproj/InfoPlist.strings; sourceTree = "<group>"; };
		0D9C622B1998AD2A006FC885 /* BLEScannerTests.m */ = {isa = PBXFileReference; lastKnownFileType = sourcecode.c.objc; path = BLEScannerTests.m; sourceTree = "<group>"; };
/* End PBXFileReference section */

/* Begin PBXFrameworksBuildPhase section */
		0D9C61F41998AD29006FC885 /* Frameworks */ = {
			isa = PBXFrameworksBuildPhase;
			buildActionMask = 2147483647;
			files = (
				0D9C61FD1998AD29006FC885 /* CoreGraphics.framework in Frameworks */,
				0D9C61FF1998AD29006FC885 /* UIKit.framework in Frameworks */,
				0D9C61FB1998AD29006FC885 /* Foundation.framework in Frameworks */,
			);
			runOnlyForDeploymentPostprocessing = 0;
		};
		0D9C621B1998AD2A006FC885 /* Frameworks */ = {
			isa = PBXFrameworksBuildPhase;
			buildActionMask = 2147483647;
			files = (
				0D9C62201998AD2A006FC885 /* XCTest.framework in Frameworks */,
				0D9C62221998AD2A006FC885 /* UIKit.framework in Frameworks */,
				0D9C62211998AD2A006FC885 /* Foundation.framework in Frameworks */,
			);
			runOnlyForDeploymentPostprocessing = 0;
		};
/* End PBXFrameworksBuildPhase section */

/* Begin PBXGroup section */
		0D9C61EE1998AD29006FC885 = {
			isa = PBXGroup;
			children = (
				0D9C62001998AD29006FC885 /* BLEScanner */,
				0D9C62251998AD2A006FC885 /* BLEScannerTests */,
				0D9C61F91998AD29006FC885 /* Frameworks */,
				0D9C61F81998AD29006FC885 /* Products */,
			);
			sourceTree = "<group>";
		};
		0D9C61F81998AD29006FC885 /* Products */ = {
			isa = PBXGroup;
			children = (
				0D9C61F71998AD29006FC885 /* BLEScanner.app */,
				0D9C621E1998AD2A006FC885 /* BLEScannerTests.xctest */,
			);
			name = Products;
			sourceTree = "<group>";
		};
		0D9C61F91998AD29006FC885 /* Frameworks */ = {
			isa = PBXGroup;
			children = (
				0D9C61FA1998AD29006FC885 /* Foundation.framework */,
				0D9C61FC1998AD29006FC885 /* CoreGraphics.framework */,
				0D9C61FE1998AD29006FC885 /* UIKit.framework */,
				0D9C621F1998AD2A006FC885 /* XCTest.framework */,
			);
			name = Frameworks;
			sourceTree = "<group>";
		};
		0D9C62001998AD29006FC885 /* BLEScanner */ = {
			isa = PBXGroup;
			children = (
				0D9C62091998AD29006FC885 /* AppDelegate.h */,
				0D9C620A1998AD29006FC885 /* AppDelegate.m */,
				0D9C620C1998AD2A006FC885 /* Main_iPhone.storyboard */,
				0D9C620F1998AD2A006FC885 /* Main_iPad.storyboard */,
				0D9C62121998AD2A006FC885 /* MasterViewController.h */,
				0D9C62131998AD2A006FC885 /* MasterViewController.m */,
				0D9C62151998AD2A006FC885 /* DetailViewController.h */,
				0D9C62161998AD2A006FC885 /* DetailViewController.m */,
				0D9C62181998AD2A006FC885 /* Images.xcassets */,
				0D9C62011998AD29006FC885 /* Supporting Files */,
			);
			path = BLEScanner;
			sourceTree = "<group>";
		};
		0D9C62011998AD29006FC885 /* Supporting Files */ = {
			isa = PBXGroup;
			children = (
				0D9C62021998AD29006FC885 /* BLEScanner-Info.plist */,
				0D9C62031998AD29006FC885 /* InfoPlist.strings */,
				0D9C62061998AD29006FC885 /* main.m */,
				0D9C62081998AD29006FC885 /* BLEScanner-Prefix.pch */,
			);
			name = "Supporting Files";
			sourceTree = "<group>";
		};
		0D9C62251998AD2A006FC885 /* BLEScannerTests */ = {
			isa = PBXGroup;
			children = (
				0D9C622B1998AD2A006FC885 /* BLEScannerTests.m */,
				0D9C62261998AD2A006FC885 /* Supporting Files */,
			);
			path = BLEScannerTests;
			sourceTree = "<group>";
		};
		0D9C62261998AD2A006FC885 /* Supporting Files */ = {
			isa = PBXGroup;
			children = (
				0D9C62271998AD2A006FC885 /* BLEScannerTests-Info.plist */,
				0D9C62281998AD2A006FC885 /* InfoPlist.strings */,
			);
			name = "Supporting Files";
			sourceTree = "<group>";
		};
/* End PBXGroup section */

/* Begin PBXNativeTarget section */
		0D9C61F61998AD29006FC885 /* BLEScanner */ = {
			isa = PBXNativeTarget;
			buildConfigurationList = 0D9C622F1998AD2A006FC885 /* Build configuration list for PBXNativeTarget "BLEScanner" */;
			buildPhases = (
				0D9C61F31998AD29006FC885 /* Sources */,
				0D9C61F41998AD29006FC885 /* Frameworks */,
				0D9C61F51998AD29006FC885 /* Resources */,
			);
			buildRules = (
			);
			dependencies = (
			);
			name = BLEScanner;
			productName = BLEScanner;
			productReference = 0D9C61F71998AD29006FC885 /* BLEScanner.app */;
			productType = "com.apple.product-type.application";
		};
		0D9C621D1998AD2A006FC885 /* BLEScannerTests */ = {
			isa = PBXNativeTarget;
			buildConfigurationList = 0D9C62321998AD2A006FC885 /* Build configuration list for PBXNativeTarget "BLEScannerTests" */;
			buildPhases = (
				0D9C621A1998AD2A006FC885 /* Sources */,
				0D9C621B1998AD2A006FC885 /* Frameworks */,
				0D9C621C1998AD2A006FC885 /* Resources */,
			);
			buildRules = (
			);
			dependencies = (
				0D9C62241998AD2A006FC885 /* PBXTargetDependency */,
			);
			name = BLEScannerTests;
			productName = BLEScannerTests;
			productReference = 0D9C621E1998AD2A006FC885 /* BLEScannerTests.xctest */;
			productType = "com.apple.product-type.bundle.unit-test";
		};
/* End PBXNativeTarget section */

/* Begin PBXProject section */
		0D9C61EF1998AD29006FC885 /* Project object */ = {
			isa = PBXProject;
			attributes = {
				LastUpgradeCheck = 0510;
				ORGANIZATIONNAME = "Evgeny Zorin";
				TargetAttributes = {
					0D9C621D1998AD2A006FC885 = {
						TestTargetID = 0D9C61F61998AD29006FC885;
					};
				};
			};
			buildConfigurationList = 0D9C61F21998AD29006FC885 /* Build configuration list for PBXProject "BLEScanner" */;
			compatibilityVersion = "Xcode 3.2";
			developmentRegion = English;
			hasScannedForEncodings = 0;
			knownRegions = (
				en,
				Base,
			);
			mainGroup = 0D9C61EE1998AD29006FC885;
			productRefGroup = 0D9C61F81998AD29006FC885 /* Products */;
			projectDirPath = "";
			projectRoot = "";
			targets = (
				0D9C61F61998AD29006FC885 /* BLEScanner */,
				0D9C621D1998AD2A006FC885 /* BLEScannerTests */,
			);
		};
/* End PBXProject section */

/* Begin PBXResourcesBuildPhase section */
		0D9C61F51998AD29006FC885 /* Resources */ = {
			isa = PBXResourcesBuildPhase;
			buildActionMask = 2147483647;
			files = (
				0D9C62111998AD2A006FC885 /* Main_iPad.storyboard in Resources */,
				0D9C62191998AD2A006FC885 /* Images.xcassets in Resources */,
				0D9C620E1998AD2A006FC885 /* Main_iPhone.storyboard in Resources */,
				0D9C62051998AD29006FC885 /* InfoPlist.strings in Resources */,
			);
			runOnlyForDeploymentPostprocessing = 0;
		};
		0D9C621C1998AD2A006FC885 /* Resources */ = {
			isa = PBXResourcesBuildPhase;
			buildActionMask = 2147483647;
			files = (
				0D9C622A1998AD2A006FC885 /* InfoPlist.strings in Resources */,
			);
			runOnlyForDeploymentPostprocessing = 0;
		};
/* End PBXResourcesBuildPhase section */

/* Begin PBXSourcesBuildPhase section */
		0D9C61F31998AD29006FC885 /* Sources */ = {
			isa = PBXSourcesBuildPhase;
			buildActionMask = 2147483647;
			files = (
				0D9C620B1998AD29006FC885 /* AppDelegate.m in Sources */,
				0D9C62141998AD2A006FC885 /* MasterViewController.m in Sources */,
				0D9C62071998AD29006FC885 /* main.m in Sources */,
				0D9C62171998AD2A006FC885 /* DetailViewController.m in Sources */,
			);
			runOnlyForDeploymentPostprocessing = 0;
		};
		0D9C621A1998AD2A006FC885 /* Sources */ = {
			isa = PBXSourcesBuildPhase;
			buildActionMask = 2147483647;
			files = (
				0D9C622C1998AD2A006FC885 /* BLEScannerTests.m in Sources */,
			);
			runOnlyForDeploymentPostprocessing = 0;
		};
/* End PBXSourcesBuildPhase section */

/* Begin PBXTargetDependency section */
		0D9C62241998AD2A006FC885 /* PBXTargetDependency */ = {
			isa = PBXTargetDependency;
			target = 0D9C61F61998AD29006FC885 /* BLEScanner */;
			targetProxy = 0D9C62231998AD2A006FC885 /* PBXContainerItemProxy */;
		};
/* End PBXTargetDependency section */

/* Begin PBXVariantGroup section */
		0D9C62031998AD29006FC885 /* InfoPlist.strings */ = {
			isa = PBXVariantGroup;
			children = (
				0D9C62041998AD29006FC885 /* en */,
			);
			name = InfoPlist.strings;
			sourceTree = "<group>";
		};
		0D9C620C1998AD2A006FC885 /* Main_iPhone.storyboard */ = {
			isa = PBXVariantGroup;
			children = (
				0D9C620D1998AD2A006FC885 /* Base */,
			);
			name = Main_iPhone.storyboard;
			sourceTree = "<group>";
		};
		0D9C620F1998AD2A006FC885 /* Main_iPad.storyboard */ = {
			isa = PBXVariantGroup;
			children = (
				0D9C62101998AD2A006FC885 /* Base */,
			);
			name = Main_iPad.storyboard;
			sourceTree = "<group>";
		};
		0D9C62281998AD2A006FC885 /* InfoPlist.strings */ = {
			isa = PBXVariantGroup;
			children = (
				0D9C62291998AD2A006FC885 /* en */,
			);
			name = InfoPlist.strings;
			sourceTree = "<group>";
		};
/* End PBXVariantGroup section */

/* Begin XCBuildConfiguration section */
		0D9C622D1998AD2A006FC885 /* Debug */ = {
			isa = XCBuildConfiguration;
			buildSettings = {
				ALWAYS_SEARCH_USER_PATHS = NO;
				CLANG_CXX_LANGUAGE_STANDARD = "gnu++0x";
				CLANG_CXX_LIBRARY = "libc++";
				CLANG_ENABLE_MODULES = YES;
				CLANG_ENABLE_OBJC_ARC = YES;
				CLANG_WARN_BOOL_CONVERSION = YES;
				CLANG_WARN_CONSTANT_CONVERSION = YES;
				CLANG_WARN_DIRECT_OBJC_ISA_USAGE = YES_ERROR;
				CLANG_WARN_EMPTY_BODY = YES;
				CLANG_WARN_ENUM_CONVERSION = YES;
				CLANG_WARN_INT_CONVERSION = YES;
				CLANG_WARN_OBJC_ROOT_CLASS = YES_ERROR;
				CLANG_WARN__DUPLICATE_METHOD_MATCH = YES;
				"CODE_SIGN_IDENTITY[sdk=iphoneos*]" = "iPhone Developer";
				COPY_PHASE_STRIP = NO;
				GCC_C_LANGUAGE_STANDARD = gnu99;
				GCC_DYNAMIC_NO_PIC = NO;
				GCC_OPTIMIZATION_LEVEL = 0;
				GCC_PREPROCESSOR_DEFINITIONS = (
					"DEBUG=1",
					"$(inherited)",
				);
				GCC_SYMBOLS_PRIVATE_EXTERN = NO;
				GCC_WARN_64_TO_32_BIT_CONVERSION = YES;
				GCC_WARN_ABOUT_RETURN_TYPE = YES_ERROR;
				GCC_WARN_UNDECLARED_SELECTOR = YES;
				GCC_WARN_UNINITIALIZED_AUTOS = YES_AGGRESSIVE;
				GCC_WARN_UNUSED_FUNCTION = YES;
				GCC_WARN_UNUSED_VARIABLE = YES;
				IPHONEOS_DEPLOYMENT_TARGET = 7.1;
				ONLY_ACTIVE_ARCH = YES;
				SDKROOT = iphoneos;
				TARGETED_DEVICE_FAMILY = "1,2";
			};
			name = Debug;
		};
		0D9C622E1998AD2A006FC885 /* Release */ = {
			isa = XCBuildConfiguration;
			buildSettings = {
				ALWAYS_SEARCH_USER_PATHS = NO;
				CLANG_CXX_LANGUAGE_STANDARD = "gnu++0x";
				CLANG_CXX_LIBRARY = "libc++";
				CLANG_ENABLE_MODULES = YES;
				CLANG_ENABLE_OBJC_ARC = YES;
				CLANG_WARN_BOOL_CONVERSION = YES;
				CLANG_WARN_CONSTANT_CONVERSION = YES;
				CLANG_WARN_DIRECT_OBJC_ISA_USAGE = YES_ERROR;
				CLANG_WARN_EMPTY_BODY = YES;
				CLANG_WARN_ENUM_CONVERSION = YES;
				CLANG_WARN_INT_CONVERSION = YES;
				CLANG_WARN_OBJC_ROOT_CLASS = YES_ERROR;
				CLANG_WARN__DUPLICATE_METHOD_MATCH = YES;
				"CODE_SIGN_IDENTITY[sdk=iphoneos*]" = "iPhone Developer";
				COPY_PHASE_STRIP = YES;
				ENABLE_NS_ASSERTIONS = NO;
				GCC_C_LANGUAGE_STANDARD = gnu99;
				GCC_WARN_64_TO_32_BIT_CONVERSION = YES;
				GCC_WARN_ABOUT_RETURN_TYPE = YES_ERROR;
				GCC_WARN_UNDECLARED_SELECTOR = YES;
				GCC_WARN_UNINITIALIZED_AUTOS = YES_AGGRESSIVE;
				GCC_WARN_UNUSED_FUNCTION = YES;
				GCC_WARN_UNUSED_VARIABLE = YES;
				IPHONEOS_DEPLOYMENT_TARGET = 7.1;
				SDKROOT = iphoneos;
				TARGETED_DEVICE_FAMILY = "1,2";
				VALIDATE_PRODUCT = YES;
			};
			name = Release;
		};
		0D9C62301998AD2A006FC885 /* Debug */ = {
			isa = XCBuildConfiguration;
			buildSettings = {
				ASSETCATALOG_COMPILER_APPICON_NAME = AppIcon;
				ASSETCATALOG_COMPILER_LAUNCHIMAGE_NAME = LaunchImage;
				GCC_PRECOMPILE_PREFIX_HEADER = YES;
				GCC_PREFIX_HEADER = "BLEScanner/BLEScanner-Prefix.pch";
				INFOPLIST_FILE = "BLEScanner/BLEScanner-Info.plist";
				PRODUCT_NAME = "$(TARGET_NAME)";
				WRAPPER_EXTENSION = app;
			};
			name = Debug;
		};
		0D9C62311998AD2A006FC885 /* Release */ = {
			isa = XCBuildConfiguration;
			buildSettings = {
				ASSETCATALOG_COMPILER_APPICON_NAME = AppIcon;
				ASSETCATALOG_COMPILER_LAUNCHIMAGE_NAME = LaunchImage;
				GCC_PRECOMPILE_PREFIX_HEADER = YES;
				GCC_PREFIX_HEADER = "BLEScanner/BLEScanner-Prefix.pch";
				INFOPLIST_FILE = "BLEScanner/BLEScanner-Info.plist";
				PRODUCT_NAME = "$(TARGET_NAME)";
				WRAPPER_EXTENSION = app;
			};
			name = Release;
		};
		0D9C62331998AD2A006FC885 /* Debug */ = {
			isa = XCBuildConfiguration;
			buildSettings = {
				BUNDLE_LOADER = "$(BUILT_PRODUCTS_DIR)/BLEScanner.app/BLEScanner";
				FRAMEWORK_SEARCH_PATHS = (
					"$(SDKROOT)/Developer/Library/Frameworks",
					"$(inherited)",
					"$(DEVELOPER_FRAMEWORKS_DIR)",
				);
				GCC_PRECOMPILE_PREFIX_HEADER = YES;
				GCC_PREFIX_HEADER = "BLEScanner/BLEScanner-Prefix.pch";
				GCC_PREPROCESSOR_DEFINITIONS = (
					"DEBUG=1",
					"$(inherited)",
				);
				INFOPLIST_FILE = "BLEScannerTests/BLEScannerTests-Info.plist";
				PRODUCT_NAME = "$(TARGET_NAME)";
				TEST_HOST = "$(BUNDLE_LOADER)";
				WRAPPER_EXTENSION = xctest;
			};
			name = Debug;
		};
		0D9C62341998AD2A006FC885 /* Release */ = {
			isa = XCBuildConfiguration;
			buildSettings = {
				BUNDLE_LOADER = "$(BUILT_PRODUCTS_DIR)/BLEScanner.app/BLEScanner";
				FRAMEWORK_SEARCH_PATHS = (
					"$(SDKROOT)/Developer/Library/Frameworks",
					"$(inherited)",
					"$(DEVELOPER_FRAMEWORKS_DIR)",
				);
				GCC_PRECOMPILE_PREFIX_HEADER = YES;
				GCC_PREFIX_HEADER = "BLEScanner/BLEScanner-Prefix.pch";
				INFOPLIST_FILE = "BLEScannerTests/BLEScannerTests-Info.plist";
				PRODUCT_NAME = "$(TARGET_NAME)";
				TEST_HOST = "$(BUNDLE_LOADER)";
				WRAPPER_EXTENSION = xctest;
			};
			name = Release;
		};
/* End XCBuildConfiguration section */

/* Begin XCConfigurationList section */
		0D9C61F21998AD29006FC885 /* Build configuration list for PBXProject "BLEScanner" */ = {
			isa = XCConfigurationList;
			buildConfigurations = (
				0D9C622D1998AD2A006FC885 /* Debug */,
				0D9C622E1998AD2A006FC885 /* Release */,
			);
			defaultConfigurationIsVisible = 0;
			defaultConfigurationName = Release;
		};
		0D9C622F1998AD2A006FC885 /* Build configuration list for PBXNativeTarget "BLEScanner" */ = {
			isa = XCConfigurationList;
			buildConfigurations = (
				0D9C62301998AD2A006FC885 /* Debug */,
				0D9C62311998AD2A006FC885 /* Release */,
			);
			defaultConfigurationIsVisible = 0;
		};
		0D9C62321998AD2A006FC885 /* Build configuration list for PBXNativeTarget "BLEScannerTests" */ = {
			isa = XCConfigurationList;
			buildConfigurations = (
				0D9C62331998AD2A006FC885 /* Debug */,
				0D9C62341998AD2A006FC885 /* Release */,
			);
			defaultConfigurationIsVisible = 0;
		};
/* End XCConfigurationList section */
	};
	rootObject = 0D9C61EF1998AD29006FC885 /* Project object */;
}
